
Microsoft Visual Studio Solution File, Format Version 12.00
# Visual Studio Version 17
VisualStudioVersion = 17.11.35208.52
MinimumVisualStudioVersion = 10.0.40219.1
Project("{FAE04EC0-301F-11D3-BF4B-00C04F79EFBC}") = "ProyectoMAUI", "ProyectoMAUI\ProyectoMAUI.csproj", "{8D54F83E-2A85-4EFA-86DB-2EE56E23A23E}"
EndProject
Global
	GlobalSection(SolutionConfigurationPlatforms) = preSolution
		Debug|Any CPU = Debug|Any CPU
		Release|Any CPU = Release|Any CPU
	EndGlobalSection
	GlobalSection(ProjectConfigurationPlatforms) = postSolution
		{8D54F83E-2A85-4EFA-86DB-2EE56E23A23E}.Debug|Any CPU.ActiveCfg = Debug|Any CPU
		{8D54F83E-2A85-4EFA-86DB-2EE56E23A23E}.Debug|Any CPU.Build.0 = Debug|Any CPU
		{8D54F83E-2A85-4EFA-86DB-2EE56E23A23E}.Debug|Any CPU.Deploy.0 = Debug|Any CPU
		{8D54F83E-2A85-4EFA-86DB-2EE56E23A23E}.Release|Any CPU.ActiveCfg = Release|Any CPU
		{8D54F83E-2A85-4EFA-86DB-2EE56E23A23E}.Release|Any CPU.Build.0 = Release|Any CPU
		{8D54F83E-2A85-4EFA-86DB-2EE56E23A23E}.Release|Any CPU.Deploy.0 = Release|Any CPU
	EndGlobalSection
	GlobalSection(SolutionProperties) = preSolution
		HideSolutionNode = FALSE
	EndGlobalSection
	GlobalSection(ExtensibilityGlobals) = postSolution
		SolutionGuid = {5B2EC4CF-5316-4DAA-A4E7-F374494D134F}
	EndGlobalSection
EndGlobal
